# This file is autogenerated, do not edit; changes may be undone by the next 'dep ensure'.


[[projects]]
  digest = "1:a3998b8ea2d61301e5dce8de279e789da031fb36cd98b374e7299591609c34f1"
  name = "github.com/bradleyfalzon/ghinstallation"
  packages = ["."]
  pruneopts = "NUT"
  revision = "3f4e9b1898e6b65e31827d5dccb97d91d59feaa3"
  version = "v0.1.2"

[[projects]]
  digest = "1:7a6852b35eb5bbc184561443762d225116ae630c26a7c4d90546619f1e7d2ad2"
  name = "github.com/dgrijalva/jwt-go"
  packages = ["."]
  pruneopts = "NUT"
  revision = "06ea1031745cb8b3dab3f6a236daf2b0aa468b7e"
  version = "v3.2.0"

[[projects]]
  digest = "1:1b91ae0dc69a41d4c2ed23ea5cffb721ea63f5037ca4b81e6d6771fbb8f45129"
  name = "github.com/fsnotify/fsnotify"
  packages = ["."]
  pruneopts = "NUT"
  revision = "c2828203cd70a50dcccfb2761f8b1f8ceef9a8e9"
  version = "v1.4.7"

[[projects]]
  digest = "1:05fb788b2944ec4532160546f534d59198215ab6b29b267eb219434dfb066970"
  name = "github.com/garethr/kubeval"
  packages = ["kubeval"]
  pruneopts = "NUT"
  revision = "36730fe8f35d69c920a790c1be126ac37cbaabb8"
  version = "0.7.1"

[[projects]]
  branch = "master"
  digest = "1:e74a21fe7fdc7fed3a36231d0321297c66b77e76d941f33fd6a7ec6664b21218"
  name = "github.com/go-test/deep"
  packages = ["."]
  pruneopts = "NUT"
  revision = "57af0be209c537ba1d9c2a4b285ab7aea0897e51"

[[projects]]
  digest = "1:38e684375ef5b55e812332266d63f9fc5b6329ab303067c4cdda051db6d29ca4"
  name = "github.com/gogo/protobuf"
  packages = ["proto"]
  pruneopts = "NUT"
  revision = "636bf0302bc95575d69441b25a2603156ffdddf1"
  version = "v1.1.1"

[[projects]]
  digest = "1:3b53751e52bd3b7b782ff3b78971457c52537a745dd1f7c272206b6e56c31465"
  name = "github.com/google/go-github"
  packages = ["github"]
  pruneopts = "NUT"
  revision = "f67f03765936eb4a6b08a37ea7565f54e795ea23"
  source = "github.com/urcomputeringpal/go-github"

[[projects]]
  branch = "master"
  digest = "1:a63cff6b5d8b95638bfe300385d93b2a6d9d687734b863da8e09dc834510a690"
  name = "github.com/google/go-querystring"
  packages = ["query"]
  pruneopts = "NUT"
  revision = "53e6ce116135b80d037921a7fdd5138cf32d7a8a"

[[projects]]
  branch = "master"
  digest = "1:f0d9d74edbd40fdeada436d5ac9cb5197407899af3fef85ff0137077ffe8ae19"
  name = "github.com/hashicorp/errwrap"
  packages = ["."]
  pruneopts = "NUT"
  revision = "d6c0cd88035724dd42e0f335ae30161c20575ecc"

[[projects]]
  branch = "master"
  digest = "1:2ed138049ab373f696db2081ca48f15c5abdf20893803612a284f2bdce2bf443"
  name = "github.com/hashicorp/go-multierror"
  packages = ["."]
  pruneopts = "NUT"
  revision = "3d5d8f294aa03d8e98859feac328afbdf1ae0703"

[[projects]]
  branch = "master"
  digest = "1:11c6c696067d3127ecf332b10f89394d386d9083f82baf71f40f2da31841a009"
  name = "github.com/hashicorp/hcl"
  packages = [
    ".",
    "hcl/ast",
    "hcl/parser",
    "hcl/printer",
    "hcl/scanner",
    "hcl/strconv",
    "hcl/token",
    "json/parser",
    "json/scanner",
    "json/token",
  ]
  pruneopts = "NUT"
  revision = "ef8a98b0bbce4a65b5aa4c368430a80ddc533168"

[[projects]]
  branch = "master"
  digest = "1:3aeab0dee856f61a78f36d6dfc00e0634682e4e05cd39faf31a80ace21883751"
  name = "github.com/krishicks/yaml-patch"
  packages = ["."]
  pruneopts = "NUT"
  revision = "94f42521ff99ba62ddeca5ddae47264ade0b8df6"

[[projects]]
  digest = "1:d244f8666a838fe6ad70ec8fe77f50ebc29fdc3331a2729ba5886bef8435d10d"
  name = "github.com/magiconair/properties"
  packages = ["."]
  pruneopts = "NUT"
  revision = "c2353362d570a7bfa228149c62842019201cfb71"
  version = "v1.8.0"

[[projects]]
  branch = "master"
  digest = "1:5fe20cfe4ef484c237cec9f947b2a6fa90bad4b8610fd014f0e4211e13d82d5d"
  name = "github.com/mitchellh/mapstructure"
  packages = ["."]
  pruneopts = "NUT"
  revision = "f15292f7a699fcc1a38a80977f80a046874ba8ac"

[[projects]]
  digest = "1:51ea800cff51752ff68e12e04106f5887b4daec6f9356721238c28019f0b42db"
  name = "github.com/pelletier/go-toml"
  packages = ["."]
  pruneopts = "NUT"
  revision = "c01d1270ff3e442a8a57cddc1c92dc1138598194"
  version = "v1.2.0"

[[projects]]
  digest = "1:5cf3f025cbee5951a4ee961de067c8a89fc95a5adabead774f82822efabab121"
  name = "github.com/pkg/errors"
  packages = ["."]
  pruneopts = "NUT"
  revision = "645ef00459ed84a119197bfb8d8205042c6df63d"
  version = "v0.8.0"

[[projects]]
  branch = "master"
  digest = "1:0028cb19b2e4c3112225cd871870f2d9cf49b9b4276531f03438a88e94be86fe"
  name = "github.com/pmezard/go-difflib"
  packages = ["difflib"]
  pruneopts = "NUT"
  revision = "792786c7400a136282c1664665ae0a8db921c6c2"

[[projects]]
  digest = "1:330e9062b308ac597e28485699c02223bd052437a6eed32a173c9227dcb9d95a"
  name = "github.com/spf13/afero"
  packages = [
    ".",
    "mem",
  ]
  pruneopts = "NUT"
  revision = "787d034dfe70e44075ccc060d346146ef53270ad"
  version = "v1.1.1"

[[projects]]
  digest = "1:3fa7947ca83b98ae553590d993886e845a4bff19b7b007e869c6e0dd3b9da9cd"
  name = "github.com/spf13/cast"
  packages = ["."]
  pruneopts = "NUT"
  revision = "8965335b8c7107321228e3e3702cab9832751bac"
  version = "v1.2.0"

[[projects]]
  branch = "master"
  digest = "1:f29f83301ed096daed24a90f4af591b7560cb14b9cc3e1827abbf04db7269ab5"
  name = "github.com/spf13/jwalterweatherman"
  packages = ["."]
  pruneopts = "NUT"
  revision = "7c0cea34c8ece3fbeb2b27ab9b59511d360fb394"

[[projects]]
  digest = "1:15e5c398fbd9d2c439b635a08ac161b13d04f0c2aa587fe256b65dc0c3efe8b7"
  name = "github.com/spf13/pflag"
  packages = ["."]
  pruneopts = "NUT"
  revision = "583c0c0531f06d5278b7d917446061adc344b5cd"
  version = "v1.0.1"

[[projects]]
  digest = "1:ea67fb4941c0a1a92f828e73cf426533c71db02df45a2cdf55a14c3e7b74c07a"
  name = "github.com/spf13/viper"
  packages = ["."]
  pruneopts = "NUT"
  revision = "b5e8006cbee93ec955a89ab31e0e3ce3204f3736"
  version = "v1.0.2"

[[projects]]
  branch = "master"
  digest = "1:f15121220068fb01e71ad08b0fdbd1bfaa926be774e7634e8e332c82134079b0"
  name = "github.com/xeipuuv/gojsonpointer"
  packages = ["."]
  pruneopts = "NUT"
  revision = "4e3ac2762d5f479393488629ee9370b50873b3a6"

[[projects]]
  branch = "master"
  digest = "1:131db546a264d76defd7a4ce233796316b2ab856991cb4b7d6ced2a3c7294ad3"
  name = "github.com/xeipuuv/gojsonreference"
  packages = ["."]
  pruneopts = "NUT"
  revision = "bd5ef7bd5415a7ac448318e64f11a24cd21e594b"

[[projects]]
  branch = "master"
  digest = "1:12257ab6948108de3526f30d6e50513cca5b354c21827e6974645619142071bd"
  name = "github.com/xeipuuv/gojsonschema"
  packages = ["."]
  pruneopts = "NUT"
  revision = "b84684d0e066369f2a7a8a525f3080909ed4ea6b"

[[projects]]
  branch = "master"
  digest = "1:4d8a79fbc6fa348fc94afa4235947c5196b7900ed71b94aa5fcbc7e273d150e1"
  name = "golang.org/x/sys"
  packages = ["unix"]
  pruneopts = "NUT"
  revision = "0ffbfd41fbef8ffcf9b62b0b0aa3a5873ed7a4fe"

[[projects]]
  digest = "1:8029e9743749d4be5bc9f7d42ea1659471767860f0cdc34d37c3111bd308a295"
  name = "golang.org/x/text"
  packages = [
    "internal/gen",
    "internal/triegen",
    "internal/ucd",
    "transform",
    "unicode/cldr",
    "unicode/norm",
  ]
  pruneopts = "NUT"
  revision = "f21a4dfb5e38f5895301dc265a8def02365cc3d0"
  version = "v0.3.0"

[[projects]]
  digest = "1:7c95b35057a0ff2e19f707173cc1a947fa43a6eb5c4d300d196ece0334046082"
  name = "gopkg.in/yaml.v2"
  packages = ["."]
  pruneopts = "NUT"
  revision = "5420a8b6744d3b0345ab293f6fcba19c978f1183"
  source = "github.com/go-yaml/yaml"
  version = "v2.2.1"

[[projects]]
  branch = "master"
  digest = "1:17f57ca0d1ba2c234063d64ffd589c349eb00cc3dc211df50f47e81f3d971589"
  name = "sourcegraph.com/sourcegraph/go-diff"
  packages = ["diff"]
  pruneopts = "NUT"
  revision = "3f415a150aec0685cb81b73cc201e762e075006d"

[[projects]]
  branch = "master"
  digest = "1:6b1ed3514b803e40c881e6c432da3a339c5bbfb7a267b9906e77bb0c408eae77"
  name = "sourcegraph.com/sqs/pbtypes"
  packages = ["."]
  pruneopts = "NUT"
  revision = "d3ebe8f20ae404b082e57662738480545bc2ad3d"

[solve-meta]
  analyzer-name = "dep"
  analyzer-version = 1
  input-imports = [
    "github.com/bradleyfalzon/ghinstallation",
    "github.com/garethr/kubeval/kubeval",
    "github.com/go-test/deep",
    "github.com/google/go-github/github",
    "github.com/krishicks/yaml-patch",
    "github.com/pkg/errors",
    "github.com/pmezard/go-difflib/difflib",
    "github.com/xeipuuv/gojsonschema",
    "gopkg.in/yaml.v2",
    "sourcegraph.com/sourcegraph/go-diff/diff",
  ]
  solver-name = "gps-cdcl"
  solver-version = 1
